{
  "requires": true,
  "lockfileVersion": 1,
  "dependencies": {
    "tinymce": {
      "version": "5.0.9",
      "resolved": "https://registry.npmjs.org/tinymce/-/tinymce-5.0.9.tgz",
      "integrity": "sha512-c8rau5JGzqDK0XUoZHlokl1KmoQOLWtvkoRIXLINzvrVtXc8LYSev6u/t1uxOu9NXccC1jWabKmRAaa1TsPwvw=="
    }
  }
}
